// !$*UTF8*$!
{
	archiveVersion = 1;
	classes = {
	};
	objectVersion = 56;
	objects = {

/* Begin PBXBuildFile section */
		D5B5EE7A2B9EB79A00B31CCC /* AppDelegate.swift in Sources */ = {isa = PBXBuildFile; fileRef = D5B5EE792B9EB79A00B31CCC /* AppDelegate.swift */; };
		D5B5EE7C2B9EB79A00B31CCC /* SceneDelegate.swift in Sources */ = {isa = PBXBuildFile; fileRef = D5B5EE7B2B9EB79A00B31CCC /* SceneDelegate.swift */; };
		D5B5EE7E2B9EB79A00B31CCC /* ViewController.swift in Sources */ = {isa = PBXBuildFile; fileRef = D5B5EE7D2B9EB79A00B31CCC /* ViewController.swift */; };
		D5B5EE812B9EB79A00B31CCC /* Base in Resources */ = {isa = PBXBuildFile; fileRef = D5B5EE802B9EB79A00B31CCC /* Base */; };
		D5B5EE842B9EB79A00B31CCC /* Apple_Pie_EV1.xcdatamodeld in Sources */ = {isa = PBXBuildFile; fileRef = D5B5EE822B9EB79A00B31CCC /* Apple_Pie_EV1.xcdatamodeld */; };
		D5B5EE862B9EB79B00B31CCC /* Assets.xcassets in Resources */ = {isa = PBXBuildFile; fileRef = D5B5EE852B9EB79B00B31CCC /* Assets.xcassets */; };
		D5B5EE892B9EB79B00B31CCC /* Base in Resources */ = {isa = PBXBuildFile; fileRef = D5B5EE882B9EB79B00B31CCC /* Base */; };
		D5B5EE942B9EB79B00B31CCC /* Apple_Pie_EV1Tests.swift in Sources */ = {isa = PBXBuildFile; fileRef = D5B5EE932B9EB79B00B31CCC /* Apple_Pie_EV1Tests.swift */; };
		D5B5EE9E2B9EB79B00B31CCC /* Apple_Pie_EV1UITests.swift in Sources */ = {isa = PBXBuildFile; fileRef = D5B5EE9D2B9EB79B00B31CCC /* Apple_Pie_EV1UITests.swift */; };
		D5B5EEA02B9EB79B00B31CCC /* Apple_Pie_EV1UITestsLaunchTests.swift in Sources */ = {isa = PBXBuildFile; fileRef = D5B5EE9F2B9EB79B00B31CCC /* Apple_Pie_EV1UITestsLaunchTests.swift */; };
		D5B5EEAD2B9EBDC300B31CCC /* Game.swift in Sources */ = {isa = PBXBuildFile; fileRef = D5B5EEAC2B9EBDC300B31CCC /* Game.swift */; };
/* End PBXBuildFile section */

/* Begin PBXContainerItemProxy section */
		D5B5EE902B9EB79B00B31CCC /* PBXContainerItemProxy */ = {
			isa = PBXContainerItemProxy;
			containerPortal = D5B5EE6E2B9EB79A00B31CCC /* Project object */;
			proxyType = 1;
			remoteGlobalIDString = D5B5EE752B9EB79A00B31CCC;
			remoteInfo = "Apple Pie EV1";
		};
		D5B5EE9A2B9EB79B00B31CCC /* PBXContainerItemProxy */ = {
			isa = PBXContainerItemProxy;
			containerPortal = D5B5EE6E2B9EB79A00B31CCC /* Project object */;
			proxyType = 1;
			remoteGlobalIDString = D5B5EE752B9EB79A00B31CCC;
			remoteInfo = "Apple Pie EV1";
		};
/* End PBXContainerItemProxy section */

/* Begin PBXFileReference section */
		D5B5EE762B9EB79A00B31CCC /* Apple Pie EV1.app */ = {isa = PBXFileReference; explicitFileType = wrapper.application; includeInIndex = 0; path = "Apple Pie EV1.app"; sourceTree = BUILT_PRODUCTS_DIR; };
		D5B5EE792B9EB79A00B31CCC /* AppDelegate.swift */ = {isa = PBXFileReference; lastKnownFileType = sourcecode.swift; path = AppDelegate.swift; sourceTree = "<group>"; };
		D5B5EE7B2B9EB79A00B31CCC /* SceneDelegate.swift */ = {isa = PBXFileReference; lastKnownFileType = sourcecode.swift; path = SceneDelegate.swift; sourceTree = "<group>"; };
		D5B5EE7D2B9EB79A00B31CCC /* ViewController.swift */ = {isa = PBXFileReference; lastKnownFileType = sourcecode.swift; path = ViewController.swift; sourceTree = "<group>"; };
		D5B5EE802B9EB79A00B31CCC /* Base */ = {isa = PBXFileReference; lastKnownFileType = file.storyboard; name = Base; path = Base.lproj/Main.storyboard; sourceTree = "<group>"; };
		D5B5EE832B9EB79A00B31CCC /* Apple_Pie_EV1.xcdatamodel */ = {isa = PBXFileReference; lastKnownFileType = wrapper.xcdatamodel; path = Apple_Pie_EV1.xcdatamodel; sourceTree = "<group>"; };
		D5B5EE852B9EB79B00B31CCC /* Assets.xcassets */ = {isa = PBXFileReference; lastKnownFileType = folder.assetcatalog; path = Assets.xcassets; sourceTree = "<group>"; };
		D5B5EE882B9EB79B00B31CCC /* Base */ = {isa = PBXFileReference; lastKnownFileType = file.storyboard; name = Base; path = Base.lproj/LaunchScreen.storyboard; sourceTree = "<group>"; };
		D5B5EE8A2B9EB79B00B31CCC /* Info.plist */ = {isa = PBXFileReference; lastKnownFileType = text.plist.xml; path = Info.plist; sourceTree = "<group>"; };
		D5B5EE8F2B9EB79B00B31CCC /* Apple Pie EV1Tests.xctest */ = {isa = PBXFileReference; explicitFileType = wrapper.cfbundle; includeInIndex = 0; path = "Apple Pie EV1Tests.xctest"; sourceTree = BUILT_PRODUCTS_DIR; };
		D5B5EE932B9EB79B00B31CCC /* Apple_Pie_EV1Tests.swift */ = {isa = PBXFileReference; lastKnownFileType = sourcecode.swift; path = Apple_Pie_EV1Tests.swift; sourceTree = "<group>"; };
		D5B5EE992B9EB79B00B31CCC /* Apple Pie EV1UITests.xctest */ = {isa = PBXFileReference; explicitFileType = wrapper.cfbundle; includeInIndex = 0; path = "Apple Pie EV1UITests.xctest"; sourceTree = BUILT_PRODUCTS_DIR; };
		D5B5EE9D2B9EB79B00B31CCC /* Apple_Pie_EV1UITests.swift */ = {isa = PBXFileReference; lastKnownFileType = sourcecode.swift; path = Apple_Pie_EV1UITests.swift; sourceTree = "<group>"; };
		D5B5EE9F2B9EB79B00B31CCC /* Apple_Pie_EV1UITestsLaunchTests.swift */ = {isa = PBXFileReference; lastKnownFileType = sourcecode.swift; path = Apple_Pie_EV1UITestsLaunchTests.swift; sourceTree = "<group>"; };
		D5B5EEAC2B9EBDC300B31CCC /* Game.swift */ = {isa = PBXFileReference; lastKnownFileType = sourcecode.swift; path = Game.swift; sourceTree = "<group>"; };
/* End PBXFileReference section */

/* Begin PBXFrameworksBuildPhase section */
		D5B5EE732B9EB79A00B31CCC /* Frameworks */ = {
			isa = PBXFrameworksBuildPhase;
			buildActionMask = 2147483647;
			files = (
			);
			runOnlyForDeploymentPostprocessing = 0;
		};
		D5B5EE8C2B9EB79B00B31CCC /* Frameworks */ = {
			isa = PBXFrameworksBuildPhase;
			buildActionMask = 2147483647;
			files = (
			);
			runOnlyForDeploymentPostprocessing = 0;
		};
		D5B5EE962B9EB79B00B31CCC /* Frameworks */ = {
			isa = PBXFrameworksBuildPhase;
			buildActionMask = 2147483647;
			files = (
			);
			runOnlyForDeploymentPostprocessing = 0;
		};
/* End PBXFrameworksBuildPhase section */

/* Begin PBXGroup section */
		D5B5EE6D2B9EB79A00B31CCC = {
			isa = PBXGroup;
			children = (
				D5B5EE782B9EB79A00B31CCC /* Apple Pie EV1 */,
				D5B5EE922B9EB79B00B31CCC /* Apple Pie EV1Tests */,
				D5B5EE9C2B9EB79B00B31CCC /* Apple Pie EV1UITests */,
				D5B5EE772B9EB79A00B31CCC /* Products */,
			);
			sourceTree = "<group>";
		};
		D5B5EE772B9EB79A00B31CCC /* Products */ = {
			isa = PBXGroup;
			children = (
				D5B5EE762B9EB79A00B31CCC /* Apple Pie EV1.app */,
				D5B5EE8F2B9EB79B00B31CCC /* Apple Pie EV1Tests.xctest */,
				D5B5EE992B9EB79B00B31CCC /* Apple Pie EV1UITests.xctest */,
			);
			name = Products;
			sourceTree = "<group>";
		};
		D5B5EE782B9EB79A00B31CCC /* Apple Pie EV1 */ = {
			isa = PBXGroup;
			children = (
				D5B5EE792B9EB79A00B31CCC /* AppDelegate.swift */,
				D5B5EE7B2B9EB79A00B31CCC /* SceneDelegate.swift */,
				D5B5EE7D2B9EB79A00B31CCC /* ViewController.swift */,
				D5B5EEAC2B9EBDC300B31CCC /* Game.swift */,
				D5B5EE7F2B9EB79A00B31CCC /* Main.storyboard */,
				D5B5EE852B9EB79B00B31CCC /* Assets.xcassets */,
				D5B5EE872B9EB79B00B31CCC /* LaunchScreen.storyboard */,
				D5B5EE8A2B9EB79B00B31CCC /* Info.plist */,
				D5B5EE822B9EB79A00B31CCC /* Apple_Pie_EV1.xcdatamodeld */,
			);
			path = "Apple Pie EV1";
			sourceTree = "<group>";
		};
		D5B5EE922B9EB79B00B31CCC /* Apple Pie EV1Tests */ = {
			isa = PBXGroup;
			children = (
				D5B5EE932B9EB79B00B31CCC /* Apple_Pie_EV1Tests.swift */,
			);
			path = "Apple Pie EV1Tests";
			sourceTree = "<group>";
		};
		D5B5EE9C2B9EB79B00B31CCC /* Apple Pie EV1UITests */ = {
			isa = PBXGroup;
			children = (
				D5B5EE9D2B9EB79B00B31CCC /* Apple_Pie_EV1UITests.swift */,
				D5B5EE9F2B9EB79B00B31CCC /* Apple_Pie_EV1UITestsLaunchTests.swift */,
			);
			path = "Apple Pie EV1UITests";
			sourceTree = "<group>";
		};
/* End PBXGroup section */

/* Begin PBXNativeTarget section */
		D5B5EE752B9EB79A00B31CCC /* Apple Pie EV1 */ = {
			isa = PBXNativeTarget;
			buildConfigurationList = D5B5EEA32B9EB79B00B31CCC /* Build configuration list for PBXNativeTarget "Apple Pie EV1" */;
			buildPhases = (
				D5B5EE722B9EB79A00B31CCC /* Sources */,
				D5B5EE732B9EB79A00B31CCC /* Frameworks */,
				D5B5EE742B9EB79A00B31CCC /* Resources */,
			);
			buildRules = (
			);
			dependencies = (
			);
			name = "Apple Pie EV1";
			productName = "Apple Pie EV1";
			productReference = D5B5EE762B9EB79A00B31CCC /* Apple Pie EV1.app */;
			productType = "com.apple.product-type.application";
		};
		D5B5EE8E2B9EB79B00B31CCC /* Apple Pie EV1Tests */ = {
			isa = PBXNativeTarget;
			buildConfigurationList = D5B5EEA62B9EB79B00B31CCC /* Build configuration list for PBXNativeTarget "Apple Pie EV1Tests" */;
			buildPhases = (
				D5B5EE8B2B9EB79B00B31CCC /* Sources */,
				D5B5EE8C2B9EB79B00B31CCC /* Frameworks */,
				D5B5EE8D2B9EB79B00B31CCC /* Resources */,
			);
			buildRules = (
			);
			dependencies = (
				D5B5EE912B9EB79B00B31CCC /* PBXTargetDependency */,
			);
			name = "Apple Pie EV1Tests";
			productName = "Apple Pie EV1Tests";
			productReference = D5B5EE8F2B9EB79B00B31CCC /* Apple Pie EV1Tests.xctest */;
			productType = "com.apple.product-type.bundle.unit-test";
		};
		D5B5EE982B9EB79B00B31CCC /* Apple Pie EV1UITests */ = {
			isa = PBXNativeTarget;
			buildConfigurationList = D5B5EEA92B9EB79B00B31CCC /* Build configuration list for PBXNativeTarget "Apple Pie EV1UITests" */;
			buildPhases = (
				D5B5EE952B9EB79B00B31CCC /* Sources */,
				D5B5EE962B9EB79B00B31CCC /* Frameworks */,
				D5B5EE972B9EB79B00B31CCC /* Resources */,
			);
			buildRules = (
			);
			dependencies = (
				D5B5EE9B2B9EB79B00B31CCC /* PBXTargetDependency */,
			);
			name = "Apple Pie EV1UITests";
			productName = "Apple Pie EV1UITests";
			productReference = D5B5EE992B9EB79B00B31CCC /* Apple Pie EV1UITests.xctest */;
			productType = "com.apple.product-type.bundle.ui-testing";
		};
/* End PBXNativeTarget section */

/* Begin PBXProject section */
		D5B5EE6E2B9EB79A00B31CCC /* Project object */ = {
			isa = PBXProject;
			attributes = {
				BuildIndependentTargetsInParallel = 1;
				LastSwiftUpdateCheck = 1530;
				LastUpgradeCheck = 1530;
				TargetAttributes = {
					D5B5EE752B9EB79A00B31CCC = {
						CreatedOnToolsVersion = 15.3;
					};
					D5B5EE8E2B9EB79B00B31CCC = {
						CreatedOnToolsVersion = 15.3;
						TestTargetID = D5B5EE752B9EB79A00B31CCC;
					};
					D5B5EE982B9EB79B00B31CCC = {
						CreatedOnToolsVersion = 15.3;
						TestTargetID = D5B5EE752B9EB79A00B31CCC;
					};
				};
			};
			buildConfigurationList = D5B5EE712B9EB79A00B31CCC /* Build configuration list for PBXProject "Apple Pie EV1" */;
			compatibilityVersion = "Xcode 14.0";
			developmentRegion = en;
			hasScannedForEncodings = 0;
			knownRegions = (
				en,
				Base,
			);
			mainGroup = D5B5EE6D2B9EB79A00B31CCC;
			productRefGroup = D5B5EE772B9EB79A00B31CCC /* Products */;
			projectDirPath = "";
			projectRoot = "";
			targets = (
				D5B5EE752B9EB79A00B31CCC /* Apple Pie EV1 */,
				D5B5EE8E2B9EB79B00B31CCC /* Apple Pie EV1Tests */,
				D5B5EE982B9EB79B00B31CCC /* Apple Pie EV1UITests */,
			);
		};
/* End PBXProject section */

/* Begin PBXResourcesBuildPhase section */
		D5B5EE742B9EB79A00B31CCC /* Resources */ = {
			isa = PBXResourcesBuildPhase;
			buildActionMask = 2147483647;
			files = (
				D5B5EE862B9EB79B00B31CCC /* Assets.xcassets in Resources */,
				D5B5EE892B9EB79B00B31CCC /* Base in Resources */,
				D5B5EE812B9EB79A00B31CCC /* Base in Resources */,
			);
			runOnlyForDeploymentPostprocessing = 0;
		};
		D5B5EE8D2B9EB79B00B31CCC /* Resources */ = {
			isa = PBXResourcesBuildPhase;
			buildActionMask = 2147483647;
			files = (
			);
			runOnlyForDeploymentPostprocessing = 0;
		};
		D5B5EE972B9EB79B00B31CCC /* Resources */ = {
			isa = PBXResourcesBuildPhase;
			buildActionMask = 2147483647;
			files = (
			);
			runOnlyForDeploymentPostprocessing = 0;
		};
/* End PBXResourcesBuildPhase section */

/* Begin PBXSourcesBuildPhase section */
		D5B5EE722B9EB79A00B31CCC /* Sources */ = {
			isa = PBXSourcesBuildPhase;
			buildActionMask = 2147483647;
			files = (
				D5B5EE842B9EB79A00B31CCC /* Apple_Pie_EV1.xcdatamodeld in Sources */,
				D5B5EEAD2B9EBDC300B31CCC /* Game.swift in Sources */,
				D5B5EE7E2B9EB79A00B31CCC /* ViewController.swift in Sources */,
				D5B5EE7A2B9EB79A00B31CCC /* AppDelegate.swift in Sources */,
				D5B5EE7C2B9EB79A00B31CCC /* SceneDelegate.swift in Sources */,
			);
			runOnlyForDeploymentPostprocessing = 0;
		};
		D5B5EE8B2B9EB79B00B31CCC /* Sources */ = {
			isa = PBXSourcesBuildPhase;
			buildActionMask = 2147483647;
			files = (
				D5B5EE942B9EB79B00B31CCC /* Apple_Pie_EV1Tests.swift in Sources */,
			);
			runOnlyForDeploymentPostprocessing = 0;
		};
		D5B5EE952B9EB79B00B31CCC /* Sources */ = {
			isa = PBXSourcesBuildPhase;
			buildActionMask = 2147483647;
			files = (
				D5B5EE9E2B9EB79B00B31CCC /* Apple_Pie_EV1UITests.swift in Sources */,
				D5B5EEA02B9EB79B00B31CCC /* Apple_Pie_EV1UITestsLaunchTests.swift in Sources */,
			);
			runOnlyForDeploymentPostprocessing = 0;
		};
/* End PBXSourcesBuildPhase section */

/* Begin PBXTargetDependency section */
		D5B5EE912B9EB79B00B31CCC /* PBXTargetDependency */ = {
			isa = PBXTargetDependency;
			target = D5B5EE752B9EB79A00B31CCC /* Apple Pie EV1 */;
			targetProxy = D5B5EE902B9EB79B00B31CCC /* PBXContainerItemProxy */;
		};
		D5B5EE9B2B9EB79B00B31CCC /* PBXTargetDependency */ = {
			isa = PBXTargetDependency;
			target = D5B5EE752B9EB79A00B31CCC /* Apple Pie EV1 */;
			targetProxy = D5B5EE9A2B9EB79B00B31CCC /* PBXContainerItemProxy */;
		};
/* End PBXTargetDependency section */

/* Begin PBXVariantGroup section */
		D5B5EE7F2B9EB79A00B31CCC /* Main.storyboard */ = {
			isa = PBXVariantGroup;
			children = (
				D5B5EE802B9EB79A00B31CCC /* Base */,
			);
			name = Main.storyboard;
			sourceTree = "<group>";
		};
		D5B5EE872B9EB79B00B31CCC /* LaunchScreen.storyboard */ = {
			isa = PBXVariantGroup;
			children = (
				D5B5EE882B9EB79B00B31CCC /* Base */,
			);
			name = LaunchScreen.storyboard;
			sourceTree = "<group>";
		};
/* End PBXVariantGroup section */

/* Begin XCBuildConfiguration section */
		D5B5EEA12B9EB79B00B31CCC /* Debug */ = {
			isa = XCBuildConfiguration;
			buildSettings = {
				ALWAYS_SEARCH_USER_PATHS = NO;
				ASSETCATALOG_COMPILER_GENERATE_SWIFT_ASSET_SYMBOL_EXTENSIONS = YES;
				CLANG_ANALYZER_NONNULL = YES;
				CLANG_ANALYZER_NUMBER_OBJECT_CONVERSION = YES_AGGRESSIVE;
				CLANG_CXX_LANGUAGE_STANDARD = "gnu++20";
				CLANG_ENABLE_MODULES = YES;
				CLANG_ENABLE_OBJC_ARC = YES;
				CLANG_ENABLE_OBJC_WEAK = YES;
				CLANG_WARN_BLOCK_CAPTURE_AUTORELEASING = YES;
				CLANG_WARN_BOOL_CONVERSION = YES;
				CLANG_WARN_COMMA = YES;
				CLANG_WARN_CONSTANT_CONVERSION = YES;
				CLANG_WARN_DEPRECATED_OBJC_IMPLEMENTATIONS = YES;
				CLANG_WARN_DIRECT_OBJC_ISA_USAGE = YES_ERROR;
				CLANG_WARN_DOCUMENTATION_COMMENTS = YES;
				CLANG_WARN_EMPTY_BODY = YES;
				CLANG_WARN_ENUM_CONVERSION = YES;
				CLANG_WARN_INFINITE_RECURSION = YES;
				CLANG_WARN_INT_CONVERSION = YES;
				CLANG_WARN_NON_LITERAL_NULL_CONVERSION = YES;
				CLANG_WARN_OBJC_IMPLICIT_RETAIN_SELF = YES;
				CLANG_WARN_OBJC_LITERAL_CONVERSION = YES;
				CLANG_WARN_OBJC_ROOT_CLASS = YES_ERROR;
				CLANG_WARN_QUOTED_INCLUDE_IN_FRAMEWORK_HEADER = YES;
				CLANG_WARN_RANGE_LOOP_ANALYSIS = YES;
				CLANG_WARN_STRICT_PROTOTYPES = YES;
				CLANG_WARN_SUSPICIOUS_MOVE = YES;
				CLANG_WARN_UNGUARDED_AVAILABILITY = YES_AGGRESSIVE;
				CLANG_WARN_UNREACHABLE_CODE = YES;
				CLANG_WARN__DUPLICATE_METHOD_MATCH = YES;
				COPY_PHASE_STRIP = NO;
				DEBUG_INFORMATION_FORMAT = dwarf;
				ENABLE_STRICT_OBJC_MSGSEND = YES;
				ENABLE_TESTABILITY = YES;
				ENABLE_USER_SCRIPT_SANDBOXING = YES;
				GCC_C_LANGUAGE_STANDARD = gnu17;
				GCC_DYNAMIC_NO_PIC = NO;
				GCC_NO_COMMON_BLOCKS = YES;
				GCC_OPTIMIZATION_LEVEL = 0;
				GCC_PREPROCESSOR_DEFINITIONS = (
					"DEBUG=1",
					"$(inherited)",
				);
				GCC_WARN_64_TO_32_BIT_CONVERSION = YES;
				GCC_WARN_ABOUT_RETURN_TYPE = YES_ERROR;
				GCC_WARN_UNDECLARED_SELECTOR = YES;
				GCC_WARN_UNINITIALIZED_AUTOS = YES_AGGRESSIVE;
				GCC_WARN_UNUSED_FUNCTION = YES;
				GCC_WARN_UNUSED_VARIABLE = YES;
				IPHONEOS_DEPLOYMENT_TARGET = 17.4;
				LOCALIZATION_PREFERS_STRING_CATALOGS = YES;
				MTL_ENABLE_DEBUG_INFO = INCLUDE_SOURCE;
				MTL_FAST_MATH = YES;
				ONLY_ACTIVE_ARCH = YES;
				SDKROOT = iphoneos;
				SWIFT_ACTIVE_COMPILATION_CONDITIONS = "DEBUG $(inherited)";
				SWIFT_OPTIMIZATION_LEVEL = "-Onone";
			};
			name = Debug;
		};
		D5B5EEA22B9EB79B00B31CCC /* Release */ = {
			isa = XCBuildConfiguration;
			buildSettings = {
				ALWAYS_SEARCH_USER_PATHS = NO;
				ASSETCATALOG_COMPILER_GENERATE_SWIFT_ASSET_SYMBOL_EXTENSIONS = YES;
				CLANG_ANALYZER_NONNULL = YES;
				CLANG_ANALYZER_NUMBER_OBJECT_CONVERSION = YES_AGGRESSIVE;
				CLANG_CXX_LANGUAGE_STANDARD = "gnu++20";
				CLANG_ENABLE_MODULES = YES;
				CLANG_ENABLE_OBJC_ARC = YES;
				CLANG_ENABLE_OBJC_WEAK = YES;
				CLANG_WARN_BLOCK_CAPTURE_AUTORELEASING = YES;
				CLANG_WARN_BOOL_CONVERSION = YES;
				CLANG_WARN_COMMA = YES;
				CLANG_WARN_CONSTANT_CONVERSION = YES;
				CLANG_WARN_DEPRECATED_OBJC_IMPLEMENTATIONS = YES;
				CLANG_WARN_DIRECT_OBJC_ISA_USAGE = YES_ERROR;
				CLANG_WARN_DOCUMENTATION_COMMENTS = YES;
				CLANG_WARN_EMPTY_BODY = YES;
				CLANG_WARN_ENUM_CONVERSION = YES;
				CLANG_WARN_INFINITE_RECURSION = YES;
				CLANG_WARN_INT_CONVERSION = YES;
				CLANG_WARN_NON_LITERAL_NULL_CONVERSION = YES;
				CLANG_WARN_OBJC_IMPLICIT_RETAIN_SELF = YES;
				CLANG_WARN_OBJC_LITERAL_CONVERSION = YES;
				CLANG_WARN_OBJC_ROOT_CLASS = YES_ERROR;
				CLANG_WARN_QUOTED_INCLUDE_IN_FRAMEWORK_HEADER = YES;
				CLANG_WARN_RANGE_LOOP_ANALYSIS = YES;
				CLANG_WARN_STRICT_PROTOTYPES = YES;
				CLANG_WARN_SUSPICIOUS_MOVE = YES;
				CLANG_WARN_UNGUARDED_AVAILABILITY = YES_AGGRESSIVE;
				CLANG_WARN_UNREACHABLE_CODE = YES;
				CLANG_WARN__DUPLICATE_METHOD_MATCH = YES;
				COPY_PHASE_STRIP = NO;
				DEBUG_INFORMATION_FORMAT = "dwarf-with-dsym";
				ENABLE_NS_ASSERTIONS = NO;
				ENABLE_STRICT_OBJC_MSGSEND = YES;
				ENABLE_USER_SCRIPT_SANDBOXING = YES;
				GCC_C_LANGUAGE_STANDARD = gnu17;
				GCC_NO_COMMON_BLOCKS = YES;
				GCC_WARN_64_TO_32_BIT_CONVERSION = YES;
				GCC_WARN_ABOUT_RETURN_TYPE = YES_ERROR;
				GCC_WARN_UNDECLARED_SELECTOR = YES;
				GCC_WARN_UNINITIALIZED_AUTOS = YES_AGGRESSIVE;
				GCC_WARN_UNUSED_FUNCTION = YES;
				GCC_WARN_UNUSED_VARIABLE = YES;
				IPHONEOS_DEPLOYMENT_TARGET = 17.4;
				LOCALIZATION_PREFERS_STRING_CATALOGS = YES;
				MTL_ENABLE_DEBUG_INFO = NO;
				MTL_FAST_MATH = YES;
				SDKROOT = iphoneos;
				SWIFT_COMPILATION_MODE = wholemodule;
				VALIDATE_PRODUCT = YES;
			};
			name = Release;
		};
		D5B5EEA42B9EB79B00B31CCC /* Debug */ = {
			isa = XCBuildConfiguration;
			buildSettings = {
				ASSETCATALOG_COMPILER_APPICON_NAME = AppIcon;
				ASSETCATALOG_COMPILER_GLOBAL_ACCENT_COLOR_NAME = AccentColor;
				CODE_SIGN_STYLE = Automatic;
				CURRENT_PROJECT_VERSION = 1;
				GENERATE_INFOPLIST_FILE = YES;
				INFOPLIST_FILE = "Apple Pie EV1/Info.plist";
				INFOPLIST_KEY_UIApplicationSupportsIndirectInputEvents = YES;
				INFOPLIST_KEY_UILaunchStoryboardName = LaunchScreen;
				INFOPLIST_KEY_UIMainStoryboardFile = Main;
				INFOPLIST_KEY_UISupportedInterfaceOrientations_iPad = "UIInterfaceOrientationPortrait UIInterfaceOrientationPortraitUpsideDown UIInterfaceOrientationLandscapeLeft UIInterfaceOrientationLandscapeRight";
				INFOPLIST_KEY_UISupportedInterfaceOrientations_iPhone = "UIInterfaceOrientationPortrait UIInterfaceOrientationLandscapeLeft UIInterfaceOrientationLandscapeRight";
				LD_RUNPATH_SEARCH_PATHS = (
					"$(inherited)",
					"@executable_path/Frameworks",
				);
				MARKETING_VERSION = 1.0;
				PRODUCT_BUNDLE_IDENTIFIER = "Regina.Apple-Pie-EV1";
				PRODUCT_NAME = "$(TARGET_NAME)";
				SWIFT_EMIT_LOC_STRINGS = YES;
				SWIFT_VERSION = 5.0;
				TARGETED_DEVICE_FAMILY = "1,2";
			};
			name = Debug;
		};
		D5B5EEA52B9EB79B00B31CCC /* Release */ = {
			isa = XCBuildConfiguration;
			buildSettings = {
				ASSETCATALOG_COMPILER_APPICON_NAME = AppIcon;
				ASSETCATALOG_COMPILER_GLOBAL_ACCENT_COLOR_NAME = AccentColor;
				CODE_SIGN_STYLE = Automatic;
				CURRENT_PROJECT_VERSION = 1;
				GENERATE_INFOPLIST_FILE = YES;
				INFOPLIST_FILE = "Apple Pie EV1/Info.plist";
				INFOPLIST_KEY_UIApplicationSupportsIndirectInputEvents = YES;
				INFOPLIST_KEY_UILaunchStoryboardName = LaunchScreen;
				INFOPLIST_KEY_UIMainStoryboardFile = Main;
				INFOPLIST_KEY_UISupportedInterfaceOrientations_iPad = "UIInterfaceOrientationPortrait UIInterfaceOrientationPortraitUpsideDown UIInterfaceOrientationLandscapeLeft UIInterfaceOrientationLandscapeRight";
				INFOPLIST_KEY_UISupportedInterfaceOrientations_iPhone = "UIInterfaceOrientationPortrait UIInterfaceOrientationLandscapeLeft UIInterfaceOrientationLandscapeRight";
				LD_RUNPATH_SEARCH_PATHS = (
					"$(inherited)",
					"@executable_path/Frameworks",
				);
				MARKETING_VERSION = 1.0;
				PRODUCT_BUNDLE_IDENTIFIER = "Regina.Apple-Pie-EV1";
				PRODUCT_NAME = "$(TARGET_NAME)";
				SWIFT_EMIT_LOC_STRINGS = YES;
				SWIFT_VERSION = 5.0;
				TARGETED_DEVICE_FAMILY = "1,2";
			};
			name = Release;
		};
		D5B5EEA72B9EB79B00B31CCC /* Debug */ = {
			isa = XCBuildConfiguration;
			buildSettings = {
				ALWAYS_EMBED_SWIFT_STANDARD_LIBRARIES = YES;
				BUNDLE_LOADER = "$(TEST_HOST)";
				CODE_SIGN_STYLE = Automatic;
				CURRENT_PROJECT_VERSION = 1;
				GENERATE_INFOPLIST_FILE = YES;
				IPHONEOS_DEPLOYMENT_TARGET = 17.4;
				MARKETING_VERSION = 1.0;
				PRODUCT_BUNDLE_IDENTIFIER = "Regina.Apple-Pie-EV1Tests";
				PRODUCT_NAME = "$(TARGET_NAME)";
				SWIFT_EMIT_LOC_STRINGS = NO;
				SWIFT_VERSION = 5.0;
				TARGETED_DEVICE_FAMILY = "1,2";
				TEST_HOST = "$(BUILT_PRODUCTS_DIR)/Apple Pie EV1.app/$(BUNDLE_EXECUTABLE_FOLDER_PATH)/Apple Pie EV1";
			};
			name = Debug;
		};
		D5B5EEA82B9EB79B00B31CCC /* Release */ = {
			isa = XCBuildConfiguration;
			buildSettings = {
				ALWAYS_EMBED_SWIFT_STANDARD_LIBRARIES = YES;
				BUNDLE_LOADER = "$(TEST_HOST)";
				CODE_SIGN_STYLE = Automatic;
				CURRENT_PROJECT_VERSION = 1;
				GENERATE_INFOPLIST_FILE = YES;
				IPHONEOS_DEPLOYMENT_TARGET = 17.4;
				MARKETING_VERSION = 1.0;
				PRODUCT_BUNDLE_IDENTIFIER = "Regina.Apple-Pie-EV1Tests";
				PRODUCT_NAME = "$(TARGET_NAME)";
				SWIFT_EMIT_LOC_STRINGS = NO;
				SWIFT_VERSION = 5.0;
				TARGETED_DEVICE_FAMILY = "1,2";
				TEST_HOST = "$(BUILT_PRODUCTS_DIR)/Apple Pie EV1.app/$(BUNDLE_EXECUTABLE_FOLDER_PATH)/Apple Pie EV1";
			};
			name = Release;
		};
		D5B5EEAA2B9EB79B00B31CCC /* Debug */ = {
			isa = XCBuildConfiguration;
			buildSettings = {
				ALWAYS_EMBED_SWIFT_STANDARD_LIBRARIES = YES;
				CODE_SIGN_STYLE = Automatic;
				CURRENT_PROJECT_VERSION = 1;
				GENERATE_INFOPLIST_FILE = YES;
				MARKETING_VERSION = 1.0;
				PRODUCT_BUNDLE_IDENTIFIER = "Regina.Apple-Pie-EV1UITests";
				PRODUCT_NAME = "$(TARGET_NAME)";
				SWIFT_EMIT_LOC_STRINGS = NO;
				SWIFT_VERSION = 5.0;
				TARGETED_DEVICE_FAMILY = "1,2";
				TEST_TARGET_NAME = "Apple Pie EV1";
			};
			name = Debug;
		};
		D5B5EEAB2B9EB79B00B31CCC /* Release */ = {
			isa = XCBuildConfiguration;
			buildSettings = {
				ALWAYS_EMBED_SWIFT_STANDARD_LIBRARIES = YES;
				CODE_SIGN_STYLE = Automatic;
				CURRENT_PROJECT_VERSION = 1;
				GENERATE_INFOPLIST_FILE = YES;
				MARKETING_VERSION = 1.0;
				PRODUCT_BUNDLE_IDENTIFIER = "Regina.Apple-Pie-EV1UITests";
				PRODUCT_NAME = "$(TARGET_NAME)";
				SWIFT_EMIT_LOC_STRINGS = NO;
				SWIFT_VERSION = 5.0;
				TARGETED_DEVICE_FAMILY = "1,2";
				TEST_TARGET_NAME = "Apple Pie EV1";
			};
			name = Release;
		};
/* End XCBuildConfiguration section */

/* Begin XCConfigurationList section */
		D5B5EE712B9EB79A00B31CCC /* Build configuration list for PBXProject "Apple Pie EV1" */ = {
			isa = XCConfigurationList;
			buildConfigurations = (
				D5B5EEA12B9EB79B00B31CCC /* Debug */,
				D5B5EEA22B9EB79B00B31CCC /* Release */,
			);
			defaultConfigurationIsVisible = 0;
			defaultConfigurationName = Release;
		};
		D5B5EEA32B9EB79B00B31CCC /* Build configuration list for PBXNativeTarget "Apple Pie EV1" */ = {
			isa = XCConfigurationList;
			buildConfigurations = (
				D5B5EEA42B9EB79B00B31CCC /* Debug */,
				D5B5EEA52B9EB79B00B31CCC /* Release */,
			);
			defaultConfigurationIsVisible = 0;
			defaultConfigurationName = Release;
		};
		D5B5EEA62B9EB79B00B31CCC /* Build configuration list for PBXNativeTarget "Apple Pie EV1Tests" */ = {
			isa = XCConfigurationList;
			buildConfigurations = (
				D5B5EEA72B9EB79B00B31CCC /* Debug */,
				D5B5EEA82B9EB79B00B31CCC /* Release */,
			);
			defaultConfigurationIsVisible = 0;
			defaultConfigurationName = Release;
		};
		D5B5EEA92B9EB79B00B31CCC /* Build configuration list for PBXNativeTarget "Apple Pie EV1UITests" */ = {
			isa = XCConfigurationList;
			buildConfigurations = (
				D5B5EEAA2B9EB79B00B31CCC /* Debug */,
				D5B5EEAB2B9EB79B00B31CCC /* Release */,
			);
			defaultConfigurationIsVisible = 0;
			defaultConfigurationName = Release;
		};
/* End XCConfigurationList section */

/* Begin XCVersionGroup section */
		D5B5EE822B9EB79A00B31CCC /* Apple_Pie_EV1.xcdatamodeld */ = {
			isa = XCVersionGroup;
			children = (
				D5B5EE832B9EB79A00B31CCC /* Apple_Pie_EV1.xcdatamodel */,
			);
			currentVersion = D5B5EE832B9EB79A00B31CCC /* Apple_Pie_EV1.xcdatamodel */;
			path = Apple_Pie_EV1.xcdatamodeld;
			sourceTree = "<group>";
			versionGroupType = wrapper.xcdatamodel;
		};
/* End XCVersionGroup section */
	};
	rootObject = D5B5EE6E2B9EB79A00B31CCC /* Project object */;
}
